
Microsoft Visual Studio Solution File, Format Version 12.00
# Visual Studio Version 16
VisualStudioVersion = 16.0.29009.5
MinimumVisualStudioVersion = 10.0.40219.1
Project("{FAE04EC0-301F-11D3-BF4B-00C04F79EFBC}") = "SchedularApp", "SchedularApp\SchedularApp.csproj", "{091B508C-FD9A-42F2-90AF-19C18DEAB866}"
EndProject
Global
	GlobalSection(SolutionConfigurationPlatforms) = preSolution
		Debug|Any CPU = Debug|Any CPU
		Release|Any CPU = Release|Any CPU
	EndGlobalSection
	GlobalSection(ProjectConfigurationPlatforms) = postSolution
		{091B508C-FD9A-42F2-90AF-19C18DEAB866}.Debug|Any CPU.ActiveCfg = Debug|Any CPU
		{091B508C-FD9A-42F2-90AF-19C18DEAB866}.Debug|Any CPU.Build.0 = Debug|Any CPU
		{091B508C-FD9A-42F2-90AF-19C18DEAB866}.Release|Any CPU.ActiveCfg = Release|Any CPU
		{091B508C-FD9A-42F2-90AF-19C18DEAB866}.Release|Any CPU.Build.0 = Release|Any CPU
	EndGlobalSection
	GlobalSection(SolutionProperties) = preSolution
		HideSolutionNode = FALSE
	EndGlobalSection
	GlobalSection(ExtensibilityGlobals) = postSolution
		SolutionGuid = {0CD0B978-0499-419E-8B46-A12181C06B8B}
	EndGlobalSection
EndGlobal
